
Microsoft Visual Studio Solution File, Format Version 12.00
# Visual Studio Version 18
VisualStudioVersion = 18.1.11304.174 d18.0
MinimumVisualStudioVersion = 10.0.40219.1
Project("{F184B08F-C81C-45F6-A57F-5ABD9991F28F}") = "GenCertificate", "GenCertificate.vbproj", "{11A3636D-D873-4EBE-B33C-A9A70DEC9C06}"
EndProject
Global
	GlobalSection(SolutionConfigurationPlatforms) = preSolution
		Debug|Any CPU = Debug|Any CPU
		Release|Any CPU = Release|Any CPU
	EndGlobalSection
	GlobalSection(ProjectConfigurationPlatforms) = postSolution
		{11A3636D-D873-4EBE-B33C-A9A70DEC9C06}.Debug|Any CPU.ActiveCfg = Debug|Any CPU
		{11A3636D-D873-4EBE-B33C-A9A70DEC9C06}.Debug|Any CPU.Build.0 = Debug|Any CPU
		{11A3636D-D873-4EBE-B33C-A9A70DEC9C06}.Release|Any CPU.ActiveCfg = Release|Any CPU
		{11A3636D-D873-4EBE-B33C-A9A70DEC9C06}.Release|Any CPU.Build.0 = Release|Any CPU
	EndGlobalSection
	GlobalSection(SolutionProperties) = preSolution
		HideSolutionNode = FALSE
	EndGlobalSection
	GlobalSection(ExtensibilityGlobals) = postSolution
		SolutionGuid = {AD24E87C-0F39-41B7-8BAD-99ACBF9B93CB}
	EndGlobalSection
EndGlobal
